// !$*UTF8*$!
{
	archiveVersion = 1;
	classes = {
	};
	objectVersion = 51;
	objects = {

/* Begin PBXBuildFile section */
		3837E80BA26266861EB59711 /* Pods_Button_Link.framework in Frameworks */ = {isa = PBXBuildFile; fileRef = 64546852AABF7C557E45BA72 /* Pods_Button_Link.framework */; };
		578E79E12646781A00A7F669 /* AppDelegate.swift in Sources */ = {isa = PBXBuildFile; fileRef = 578E79E02646781A00A7F669 /* AppDelegate.swift */; };
		578E79E32646781A00A7F669 /* SceneDelegate.swift in Sources */ = {isa = PBXBuildFile; fileRef = 578E79E22646781A00A7F669 /* SceneDelegate.swift */; };
		578E79E52646781A00A7F669 /* StartViewController.swift in Sources */ = {isa = PBXBuildFile; fileRef = 578E79E42646781A00A7F669 /* StartViewController.swift */; };
		578E79E82646781A00A7F669 /* Main.storyboard in Resources */ = {isa = PBXBuildFile; fileRef = 578E79E62646781A00A7F669 /* Main.storyboard */; };
		578E79EA2646781A00A7F669 /* Assets.xcassets in Resources */ = {isa = PBXBuildFile; fileRef = 578E79E92646781A00A7F669 /* Assets.xcassets */; };
		578E79ED2646781A00A7F669 /* LaunchScreen.storyboard in Resources */ = {isa = PBXBuildFile; fileRef = 578E79EB2646781A00A7F669 /* LaunchScreen.storyboard */; };
/* End PBXBuildFile section */

/* Begin PBXFileReference section */
		578E79DD2646781A00A7F669 /* Button Link.app */ = {isa = PBXFileReference; explicitFileType = wrapper.application; includeInIndex = 0; path = "Button Link.app"; sourceTree = BUILT_PRODUCTS_DIR; };
		578E79E02646781A00A7F669 /* AppDelegate.swift */ = {isa = PBXFileReference; lastKnownFileType = sourcecode.swift; path = AppDelegate.swift; sourceTree = "<group>"; };
		578E79E22646781A00A7F669 /* SceneDelegate.swift */ = {isa = PBXFileReference; lastKnownFileType = sourcecode.swift; path = SceneDelegate.swift; sourceTree = "<group>"; };
		578E79E42646781A00A7F669 /* StartViewController.swift */ = {isa = PBXFileReference; lastKnownFileType = sourcecode.swift; path = StartViewController.swift; sourceTree = "<group>"; };
		578E79E72646781A00A7F669 /* Base */ = {isa = PBXFileReference; lastKnownFileType = file.storyboard; name = Base; path = Base.lproj/Main.storyboard; sourceTree = "<group>"; };
		578E79E92646781A00A7F669 /* Assets.xcassets */ = {isa = PBXFileReference; lastKnownFileType = folder.assetcatalog; path = Assets.xcassets; sourceTree = "<group>"; };
		578E79EC2646781A00A7F669 /* Base */ = {isa = PBXFileReference; lastKnownFileType = file.storyboard; name = Base; path = Base.lproj/LaunchScreen.storyboard; sourceTree = "<group>"; };
		578E79EE2646781A00A7F669 /* Info.plist */ = {isa = PBXFileReference; lastKnownFileType = text.plist.xml; path = Info.plist; sourceTree = "<group>"; };
		64546852AABF7C557E45BA72 /* Pods_Button_Link.framework */ = {isa = PBXFileReference; explicitFileType = wrapper.framework; includeInIndex = 0; path = Pods_Button_Link.framework; sourceTree = BUILT_PRODUCTS_DIR; };
		C2A30903C30C28BFAEB76AB6 /* Pods-Button Link.debug.xcconfig */ = {isa = PBXFileReference; includeInIndex = 1; lastKnownFileType = text.xcconfig; name = "Pods-Button Link.debug.xcconfig"; path = "Target Support Files/Pods-Button Link/Pods-Button Link.debug.xcconfig"; sourceTree = "<group>"; };
		DE35BBEEB24310D36AE08668 /* Pods-Button Link.release.xcconfig */ = {isa = PBXFileReference; includeInIndex = 1; lastKnownFileType = text.xcconfig; name = "Pods-Button Link.release.xcconfig"; path = "Target Support Files/Pods-Button Link/Pods-Button Link.release.xcconfig"; sourceTree = "<group>"; };
/* End PBXFileReference section */

/* Begin PBXFrameworksBuildPhase section */
		578E79DA2646781A00A7F669 /* Frameworks */ = {
			isa = PBXFrameworksBuildPhase;
			buildActionMask = 2147483647;
			files = (
				3837E80BA26266861EB59711 /* Pods_Button_Link.framework in Frameworks */,
			);
			runOnlyForDeploymentPostprocessing = 0;
		};
/* End PBXFrameworksBuildPhase section */

/* Begin PBXGroup section */
		2881EEA700DA7CC58F2961A7 /* Frameworks */ = {
			isa = PBXGroup;
			children = (
				64546852AABF7C557E45BA72 /* Pods_Button_Link.framework */,
			);
			name = Frameworks;
			sourceTree = "<group>";
		};
		29A869C75A45AD22A3A9A6C5 /* Pods */ = {
			isa = PBXGroup;
			children = (
				C2A30903C30C28BFAEB76AB6 /* Pods-Button Link.debug.xcconfig */,
				DE35BBEEB24310D36AE08668 /* Pods-Button Link.release.xcconfig */,
			);
			path = Pods;
			sourceTree = "<group>";
		};
		578E79D42646781A00A7F669 = {
			isa = PBXGroup;
			children = (
				578E79DF2646781A00A7F669 /* Button Link */,
				578E79DE2646781A00A7F669 /* Products */,
				29A869C75A45AD22A3A9A6C5 /* Pods */,
				2881EEA700DA7CC58F2961A7 /* Frameworks */,
			);
			sourceTree = "<group>";
		};
		578E79DE2646781A00A7F669 /* Products */ = {
			isa = PBXGroup;
			children = (
				578E79DD2646781A00A7F669 /* Button Link.app */,
			);
			name = Products;
			sourceTree = "<group>";
		};
		578E79DF2646781A00A7F669 /* Button Link */ = {
			isa = PBXGroup;
			children = (
				578E79F626467CDB00A7F669 /* Storyboard */,
				578E79F526467C4D00A7F669 /* Scene */,
				578E79F426467C4000A7F669 /* Delegates */,
				578E79E92646781A00A7F669 /* Assets.xcassets */,
				578E79EB2646781A00A7F669 /* LaunchScreen.storyboard */,
				578E79EE2646781A00A7F669 /* Info.plist */,
			);
			path = "Button Link";
			sourceTree = "<group>";
		};
		578E79F426467C4000A7F669 /* Delegates */ = {
			isa = PBXGroup;
			children = (
				578E79E22646781A00A7F669 /* SceneDelegate.swift */,
				578E79E02646781A00A7F669 /* AppDelegate.swift */,
			);
			path = Delegates;
			sourceTree = "<group>";
		};
		578E79F526467C4D00A7F669 /* Scene */ = {
			isa = PBXGroup;
			children = (
				578E79F726467DAB00A7F669 /* StartView */,
			);
			path = Scene;
			sourceTree = "<group>";
		};
		578E79F626467CDB00A7F669 /* Storyboard */ = {
			isa = PBXGroup;
			children = (
				578E79E62646781A00A7F669 /* Main.storyboard */,
			);
			path = Storyboard;
			sourceTree = "<group>";
		};
		578E79F726467DAB00A7F669 /* StartView */ = {
			isa = PBXGroup;
			children = (
				578E79E42646781A00A7F669 /* StartViewController.swift */,
			);
			path = StartView;
			sourceTree = "<group>";
		};
/* End PBXGroup section */

/* Begin PBXNativeTarget section */
		578E79DC2646781A00A7F669 /* Button Link */ = {
			isa = PBXNativeTarget;
			buildConfigurationList = 578E79F12646781A00A7F669 /* Build configuration list for PBXNativeTarget "Button Link" */;
			buildPhases = (
				ADD594A5DDE5BAD1F8501E54 /* [CP] Check Pods Manifest.lock */,
				578E79D92646781A00A7F669 /* Sources */,
				578E79DA2646781A00A7F669 /* Frameworks */,
				578E79DB2646781A00A7F669 /* Resources */,
				508CC88CDCD528E993669B78 /* [CP] Embed Pods Frameworks */,
			);
			buildRules = (
			);
			dependencies = (
			);
			name = "Button Link";
			productName = "Button Link";
			productReference = 578E79DD2646781A00A7F669 /* Button Link.app */;
			productType = "com.apple.product-type.application";
		};
/* End PBXNativeTarget section */

/* Begin PBXProject section */
		578E79D52646781A00A7F669 /* Project object */ = {
			isa = PBXProject;
			attributes = {
				LastSwiftUpdateCheck = 1250;
				LastUpgradeCheck = 1250;
				TargetAttributes = {
					578E79DC2646781A00A7F669 = {
						CreatedOnToolsVersion = 12.5;
						LastSwiftMigration = 1250;
					};
				};
			};
			buildConfigurationList = 578E79D82646781A00A7F669 /* Build configuration list for PBXProject "Button Link" */;
			compatibilityVersion = "Xcode 9.3";
			developmentRegion = en;
			hasScannedForEncodings = 0;
			knownRegions = (
				en,
				Base,
			);
			mainGroup = 578E79D42646781A00A7F669;
			productRefGroup = 578E79DE2646781A00A7F669 /* Products */;
			projectDirPath = "";
			projectRoot = "";
			targets = (
				578E79DC2646781A00A7F669 /* Button Link */,
			);
		};
/* End PBXProject section */

/* Begin PBXResourcesBuildPhase section */
		578E79DB2646781A00A7F669 /* Resources */ = {
			isa = PBXResourcesBuildPhase;
			buildActionMask = 2147483647;
			files = (
				578E79ED2646781A00A7F669 /* LaunchScreen.storyboard in Resources */,
				578E79EA2646781A00A7F669 /* Assets.xcassets in Resources */,
				578E79E82646781A00A7F669 /* Main.storyboard in Resources */,
			);
			runOnlyForDeploymentPostprocessing = 0;
		};
/* End PBXResourcesBuildPhase section */

/* Begin PBXShellScriptBuildPhase section */
		508CC88CDCD528E993669B78 /* [CP] Embed Pods Frameworks */ = {
			isa = PBXShellScriptBuildPhase;
			buildActionMask = 2147483647;
			files = (
			);
			inputFileListPaths = (
				"${PODS_ROOT}/Target Support Files/Pods-Button Link/Pods-Button Link-frameworks-${CONFIGURATION}-input-files.xcfilelist",
			);
			name = "[CP] Embed Pods Frameworks";
			outputFileListPaths = (
				"${PODS_ROOT}/Target Support Files/Pods-Button Link/Pods-Button Link-frameworks-${CONFIGURATION}-output-files.xcfilelist",
			);
			runOnlyForDeploymentPostprocessing = 0;
			shellPath = /bin/sh;
			shellScript = "\"${PODS_ROOT}/Target Support Files/Pods-Button Link/Pods-Button Link-frameworks.sh\"\n";
			showEnvVarsInLog = 0;
		};
		ADD594A5DDE5BAD1F8501E54 /* [CP] Check Pods Manifest.lock */ = {
			isa = PBXShellScriptBuildPhase;
			buildActionMask = 2147483647;
			files = (
			);
			inputFileListPaths = (
			);
			inputPaths = (
				"${PODS_PODFILE_DIR_PATH}/Podfile.lock",
				"${PODS_ROOT}/Manifest.lock",
			);
			name = "[CP] Check Pods Manifest.lock";
			outputFileListPaths = (
			);
			outputPaths = (
				"$(DERIVED_FILE_DIR)/Pods-Button Link-checkManifestLockResult.txt",
			);
			runOnlyForDeploymentPostprocessing = 0;
			shellPath = /bin/sh;
			shellScript = "diff \"${PODS_PODFILE_DIR_PATH}/Podfile.lock\" \"${PODS_ROOT}/Manifest.lock\" > /dev/null\nif [ $? != 0 ] ; then\n    # print error to STDERR\n    echo \"error: The sandbox is not in sync with the Podfile.lock. Run 'pod install' or update your CocoaPods installation.\" >&2\n    exit 1\nfi\n# This output is used by Xcode 'outputs' to avoid re-running this script phase.\necho \"SUCCESS\" > \"${SCRIPT_OUTPUT_FILE_0}\"\n";
			showEnvVarsInLog = 0;
		};
/* End PBXShellScriptBuildPhase section */

/* Begin PBXSourcesBuildPhase section */
		578E79D92646781A00A7F669 /* Sources */ = {
			isa = PBXSourcesBuildPhase;
			buildActionMask = 2147483647;
			files = (
				578E79E52646781A00A7F669 /* StartViewController.swift in Sources */,
				578E79E12646781A00A7F669 /* AppDelegate.swift in Sources */,
				578E79E32646781A00A7F669 /* SceneDelegate.swift in Sources */,
			);
			runOnlyForDeploymentPostprocessing = 0;
		};
/* End PBXSourcesBuildPhase section */

/* Begin PBXVariantGroup section */
		578E79E62646781A00A7F669 /* Main.storyboard */ = {
			isa = PBXVariantGroup;
			children = (
				578E79E72646781A00A7F669 /* Base */,
			);
			name = Main.storyboard;
			sourceTree = "<group>";
		};
		578E79EB2646781A00A7F669 /* LaunchScreen.storyboard */ = {
			isa = PBXVariantGroup;
			children = (
				578E79EC2646781A00A7F669 /* Base */,
			);
			name = LaunchScreen.storyboard;
			sourceTree = "<group>";
		};
/* End PBXVariantGroup section */

/* Begin XCBuildConfiguration section */
		578E79EF2646781A00A7F669 /* Debug */ = {
			isa = XCBuildConfiguration;
			buildSettings = {
				ALWAYS_SEARCH_USER_PATHS = NO;
				CLANG_ANALYZER_NONNULL = YES;
				CLANG_ANALYZER_NUMBER_OBJECT_CONVERSION = YES_AGGRESSIVE;
				CLANG_CXX_LANGUAGE_STANDARD = "gnu++14";
				CLANG_CXX_LIBRARY = "libc++";
				CLANG_ENABLE_MODULES = YES;
				CLANG_ENABLE_OBJC_ARC = YES;
				CLANG_ENABLE_OBJC_WEAK = YES;
				CLANG_WARN_BLOCK_CAPTURE_AUTORELEASING = YES;
				CLANG_WARN_BOOL_CONVERSION = YES;
				CLANG_WARN_COMMA = YES;
				CLANG_WARN_CONSTANT_CONVERSION = YES;
				CLANG_WARN_DEPRECATED_OBJC_IMPLEMENTATIONS = YES;
				CLANG_WARN_DIRECT_OBJC_ISA_USAGE = YES_ERROR;
				CLANG_WARN_DOCUMENTATION_COMMENTS = YES;
				CLANG_WARN_EMPTY_BODY = YES;
				CLANG_WARN_ENUM_CONVERSION = YES;
				CLANG_WARN_INFINITE_RECURSION = YES;
				CLANG_WARN_INT_CONVERSION = YES;
				CLANG_WARN_NON_LITERAL_NULL_CONVERSION = YES;
				CLANG_WARN_OBJC_IMPLICIT_RETAIN_SELF = YES;
				CLANG_WARN_OBJC_LITERAL_CONVERSION = YES;
				CLANG_WARN_OBJC_ROOT_CLASS = YES_ERROR;
				CLANG_WARN_QUOTED_INCLUDE_IN_FRAMEWORK_HEADER = YES;
				CLANG_WARN_RANGE_LOOP_ANALYSIS = YES;
				CLANG_WARN_STRICT_PROTOTYPES = YES;
				CLANG_WARN_SUSPICIOUS_MOVE = YES;
				CLANG_WARN_UNGUARDED_AVAILABILITY = YES_AGGRESSIVE;
				CLANG_WARN_UNREACHABLE_CODE = YES;
				CLANG_WARN__DUPLICATE_METHOD_MATCH = YES;
				COPY_PHASE_STRIP = NO;
				DEBUG_INFORMATION_FORMAT = dwarf;
				ENABLE_STRICT_OBJC_MSGSEND = YES;
				ENABLE_TESTABILITY = YES;
				GCC_C_LANGUAGE_STANDARD = gnu11;
				GCC_DYNAMIC_NO_PIC = NO;
				GCC_NO_COMMON_BLOCKS = YES;
				GCC_OPTIMIZATION_LEVEL = 0;
				GCC_PREPROCESSOR_DEFINITIONS = (
					"DEBUG=1",
					"$(inherited)",
				);
				GCC_WARN_64_TO_32_BIT_CONVERSION = YES;
				GCC_WARN_ABOUT_RETURN_TYPE = YES_ERROR;
				GCC_WARN_UNDECLARED_SELECTOR = YES;
				GCC_WARN_UNINITIALIZED_AUTOS = YES_AGGRESSIVE;
				GCC_WARN_UNUSED_FUNCTION = YES;
				GCC_WARN_UNUSED_VARIABLE = YES;
				IPHONEOS_DEPLOYMENT_TARGET = 14.5;
				MTL_ENABLE_DEBUG_INFO = INCLUDE_SOURCE;
				MTL_FAST_MATH = YES;
				ONLY_ACTIVE_ARCH = YES;
				SDKROOT = iphoneos;
				SWIFT_ACTIVE_COMPILATION_CONDITIONS = DEBUG;
				SWIFT_OPTIMIZATION_LEVEL = "-Onone";
			};
			name = Debug;
		};
		578E79F02646781A00A7F669 /* Release */ = {
			isa = XCBuildConfiguration;
			buildSettings = {
				ALWAYS_SEARCH_USER_PATHS = NO;
				CLANG_ANALYZER_NONNULL = YES;
				CLANG_ANALYZER_NUMBER_OBJECT_CONVERSION = YES_AGGRESSIVE;
				CLANG_CXX_LANGUAGE_STANDARD = "gnu++14";
				CLANG_CXX_LIBRARY = "libc++";
				CLANG_ENABLE_MODULES = YES;
				CLANG_ENABLE_OBJC_ARC = YES;
				CLANG_ENABLE_OBJC_WEAK = YES;
				CLANG_WARN_BLOCK_CAPTURE_AUTORELEASING = YES;
				CLANG_WARN_BOOL_CONVERSION = YES;
				CLANG_WARN_COMMA = YES;
				CLANG_WARN_CONSTANT_CONVERSION = YES;
				CLANG_WARN_DEPRECATED_OBJC_IMPLEMENTATIONS = YES;
				CLANG_WARN_DIRECT_OBJC_ISA_USAGE = YES_ERROR;
				CLANG_WARN_DOCUMENTATION_COMMENTS = YES;
				CLANG_WARN_EMPTY_BODY = YES;
				CLANG_WARN_ENUM_CONVERSION = YES;
				CLANG_WARN_INFINITE_RECURSION = YES;
				CLANG_WARN_INT_CONVERSION = YES;
				CLANG_WARN_NON_LITERAL_NULL_CONVERSION = YES;
				CLANG_WARN_OBJC_IMPLICIT_RETAIN_SELF = YES;
				CLANG_WARN_OBJC_LITERAL_CONVERSION = YES;
				CLANG_WARN_OBJC_ROOT_CLASS = YES_ERROR;
				CLANG_WARN_QUOTED_INCLUDE_IN_FRAMEWORK_HEADER = YES;
				CLANG_WARN_RANGE_LOOP_ANALYSIS = YES;
				CLANG_WARN_STRICT_PROTOTYPES = YES;
				CLANG_WARN_SUSPICIOUS_MOVE = YES;
				CLANG_WARN_UNGUARDED_AVAILABILITY = YES_AGGRESSIVE;
				CLANG_WARN_UNREACHABLE_CODE = YES;
				CLANG_WARN__DUPLICATE_METHOD_MATCH = YES;
				COPY_PHASE_STRIP = NO;
				DEBUG_INFORMATION_FORMAT = "dwarf-with-dsym";
				ENABLE_NS_ASSERTIONS = NO;
				ENABLE_STRICT_OBJC_MSGSEND = YES;
				GCC_C_LANGUAGE_STANDARD = gnu11;
				GCC_NO_COMMON_BLOCKS = YES;
				GCC_WARN_64_TO_32_BIT_CONVERSION = YES;
				GCC_WARN_ABOUT_RETURN_TYPE = YES_ERROR;
				GCC_WARN_UNDECLARED_SELECTOR = YES;
				GCC_WARN_UNINITIALIZED_AUTOS = YES_AGGRESSIVE;
				GCC_WARN_UNUSED_FUNCTION = YES;
				GCC_WARN_UNUSED_VARIABLE = YES;
				IPHONEOS_DEPLOYMENT_TARGET = 14.5;
				MTL_ENABLE_DEBUG_INFO = NO;
				MTL_FAST_MATH = YES;
				SDKROOT = iphoneos;
				SWIFT_COMPILATION_MODE = wholemodule;
				SWIFT_OPTIMIZATION_LEVEL = "-O";
				VALIDATE_PRODUCT = YES;
			};
			name = Release;
		};
		578E79F22646781A00A7F669 /* Debug */ = {
			isa = XCBuildConfiguration;
			baseConfigurationReference = C2A30903C30C28BFAEB76AB6 /* Pods-Button Link.debug.xcconfig */;
			buildSettings = {
				ASSETCATALOG_COMPILER_APPICON_NAME = AppIcon;
				ASSETCATALOG_COMPILER_GLOBAL_ACCENT_COLOR_NAME = AccentColor;
				CLANG_ENABLE_MODULES = YES;
				CODE_SIGN_STYLE = Automatic;
				DEVELOPMENT_TEAM = BC275ZBJ2Z;
				INFOPLIST_FILE = "Button Link/Info.plist";
				LD_RUNPATH_SEARCH_PATHS = (
					"$(inherited)",
					"@executable_path/Frameworks",
				);
				PRODUCT_BUNDLE_IDENTIFIER = "com.isconfig.Button-Link";
				PRODUCT_NAME = "$(TARGET_NAME)";
				SWIFT_OPTIMIZATION_LEVEL = "-Onone";
				SWIFT_VERSION = 5.0;
				TARGETED_DEVICE_FAMILY = "1,2";
			};
			name = Debug;
		};
		578E79F32646781A00A7F669 /* Release */ = {
			isa = XCBuildConfiguration;
			baseConfigurationReference = DE35BBEEB24310D36AE08668 /* Pods-Button Link.release.xcconfig */;
			buildSettings = {
				ASSETCATALOG_COMPILER_APPICON_NAME = AppIcon;
				ASSETCATALOG_COMPILER_GLOBAL_ACCENT_COLOR_NAME = AccentColor;
				CLANG_ENABLE_MODULES = YES;
				CODE_SIGN_STYLE = Automatic;
				DEVELOPMENT_TEAM = BC275ZBJ2Z;
				INFOPLIST_FILE = "Button Link/Info.plist";
				LD_RUNPATH_SEARCH_PATHS = (
					"$(inherited)",
					"@executable_path/Frameworks",
				);
				PRODUCT_BUNDLE_IDENTIFIER = "com.isconfig.Button-Link";
				PRODUCT_NAME = "$(TARGET_NAME)";
				SWIFT_VERSION = 5.0;
				TARGETED_DEVICE_FAMILY = "1,2";
			};
			name = Release;
		};
/* End XCBuildConfiguration section */

/* Begin XCConfigurationList section */
		578E79D82646781A00A7F669 /* Build configuration list for PBXProject "Button Link" */ = {
			isa = XCConfigurationList;
			buildConfigurations = (
				578E79EF2646781A00A7F669 /* Debug */,
				578E79F02646781A00A7F669 /* Release */,
			);
			defaultConfigurationIsVisible = 0;
			defaultConfigurationName = Release;
		};
		578E79F12646781A00A7F669 /* Build configuration list for PBXNativeTarget "Button Link" */ = {
			isa = XCConfigurationList;
			buildConfigurations = (
				578E79F22646781A00A7F669 /* Debug */,
				578E79F32646781A00A7F669 /* Release */,
			);
			defaultConfigurationIsVisible = 0;
			defaultConfigurationName = Release;
		};
/* End XCConfigurationList section */
	};
	rootObject = 578E79D52646781A00A7F669 /* Project object */;
}
